// !$*UTF8*$!
{
	archiveVersion = 1;
	classes = {
	};
	objectVersion = 46;
	objects = {

/* Begin PBXBuildFile section */
		802CE604F574FEC67AAFA733 /* Pods.framework in Frameworks */ = {isa = PBXBuildFile; fileRef = EB8D803A0F9B0A1AECA850C1 /* Pods.framework */; };
		F39341D61C4DA66100C5ACB6 /* AppDelegate.swift in Sources */ = {isa = PBXBuildFile; fileRef = F39341D51C4DA66100C5ACB6 /* AppDelegate.swift */; };
		F39341D81C4DA66100C5ACB6 /* ViewController.swift in Sources */ = {isa = PBXBuildFile; fileRef = F39341D71C4DA66100C5ACB6 /* ViewController.swift */; };
		F39341DB1C4DA66100C5ACB6 /* Main.storyboard in Resources */ = {isa = PBXBuildFile; fileRef = F39341D91C4DA66100C5ACB6 /* Main.storyboard */; };
		F39341DD1C4DA66100C5ACB6 /* Assets.xcassets in Resources */ = {isa = PBXBuildFile; fileRef = F39341DC1C4DA66100C5ACB6 /* Assets.xcassets */; };
		F39341E01C4DA66100C5ACB6 /* LaunchScreen.storyboard in Resources */ = {isa = PBXBuildFile; fileRef = F39341DE1C4DA66100C5ACB6 /* LaunchScreen.storyboard */; };
		F39341EB1C4DA66100C5ACB6 /* TiltShifterTests.swift in Sources */ = {isa = PBXBuildFile; fileRef = F39341EA1C4DA66100C5ACB6 /* TiltShifterTests.swift */; };
		F39341F61C4DA66100C5ACB6 /* TiltShifterUITests.swift in Sources */ = {isa = PBXBuildFile; fileRef = F39341F51C4DA66100C5ACB6 /* TiltShifterUITests.swift */; };
		F39342041C4DA6DA00C5ACB6 /* Selfie.jpg in Resources */ = {isa = PBXBuildFile; fileRef = F39342031C4DA6DA00C5ACB6 /* Selfie.jpg */; };
		F39342061C4DA78600C5ACB6 /* TiltShifterView.swift in Sources */ = {isa = PBXBuildFile; fileRef = F39342051C4DA78600C5ACB6 /* TiltShifterView.swift */; };
		F3AB66EF1C4DC5B100C44A23 /* GPUTilt.m in Sources */ = {isa = PBXBuildFile; fileRef = F3AB66EE1C4DC5B100C44A23 /* GPUTilt.m */; };
/* End PBXBuildFile section */

/* Begin PBXContainerItemProxy section */
		F39341E71C4DA66100C5ACB6 /* PBXContainerItemProxy */ = {
			isa = PBXContainerItemProxy;
			containerPortal = F39341CA1C4DA66100C5ACB6 /* Project object */;
			proxyType = 1;
			remoteGlobalIDString = F39341D11C4DA66100C5ACB6;
			remoteInfo = TiltShifter;
		};
		F39341F21C4DA66100C5ACB6 /* PBXContainerItemProxy */ = {
			isa = PBXContainerItemProxy;
			containerPortal = F39341CA1C4DA66100C5ACB6 /* Project object */;
			proxyType = 1;
			remoteGlobalIDString = F39341D11C4DA66100C5ACB6;
			remoteInfo = TiltShifter;
		};
/* End PBXContainerItemProxy section */

/* Begin PBXFileReference section */
		0E58DF1470ABA0D45AC1F19C /* Pods.debug.xcconfig */ = {isa = PBXFileReference; includeInIndex = 1; lastKnownFileType = text.xcconfig; name = Pods.debug.xcconfig; path = "Pods/Target Support Files/Pods/Pods.debug.xcconfig"; sourceTree = "<group>"; };
		8D36667E7A9EB3EDAEBC03CE /* Pods.release.xcconfig */ = {isa = PBXFileReference; includeInIndex = 1; lastKnownFileType = text.xcconfig; name = Pods.release.xcconfig; path = "Pods/Target Support Files/Pods/Pods.release.xcconfig"; sourceTree = "<group>"; };
		EB8D803A0F9B0A1AECA850C1 /* Pods.framework */ = {isa = PBXFileReference; explicitFileType = wrapper.framework; includeInIndex = 0; path = Pods.framework; sourceTree = BUILT_PRODUCTS_DIR; };
		F39341D21C4DA66100C5ACB6 /* TiltShifter.app */ = {isa = PBXFileReference; explicitFileType = wrapper.application; includeInIndex = 0; path = TiltShifter.app; sourceTree = BUILT_PRODUCTS_DIR; };
		F39341D51C4DA66100C5ACB6 /* AppDelegate.swift */ = {isa = PBXFileReference; lastKnownFileType = sourcecode.swift; path = AppDelegate.swift; sourceTree = "<group>"; };
		F39341D71C4DA66100C5ACB6 /* ViewController.swift */ = {isa = PBXFileReference; lastKnownFileType = sourcecode.swift; path = ViewController.swift; sourceTree = "<group>"; };
		F39341DA1C4DA66100C5ACB6 /* Base */ = {isa = PBXFileReference; lastKnownFileType = file.storyboard; name = Base; path = Base.lproj/Main.storyboard; sourceTree = "<group>"; };
		F39341DC1C4DA66100C5ACB6 /* Assets.xcassets */ = {isa = PBXFileReference; lastKnownFileType = folder.assetcatalog; path = Assets.xcassets; sourceTree = "<group>"; };
		F39341DF1C4DA66100C5ACB6 /* Base */ = {isa = PBXFileReference; lastKnownFileType = file.storyboard; name = Base; path = Base.lproj/LaunchScreen.storyboard; sourceTree = "<group>"; };
		F39341E11C4DA66100C5ACB6 /* Info.plist */ = {isa = PBXFileReference; lastKnownFileType = text.plist.xml; path = Info.plist; sourceTree = "<group>"; };
		F39341E61C4DA66100C5ACB6 /* TiltShifterTests.xctest */ = {isa = PBXFileReference; explicitFileType = wrapper.cfbundle; includeInIndex = 0; path = TiltShifterTests.xctest; sourceTree = BUILT_PRODUCTS_DIR; };
		F39341EA1C4DA66100C5ACB6 /* TiltShifterTests.swift */ = {isa = PBXFileReference; lastKnownFileType = sourcecode.swift; path = TiltShifterTests.swift; sourceTree = "<group>"; };
		F39341EC1C4DA66100C5ACB6 /* Info.plist */ = {isa = PBXFileReference; lastKnownFileType = text.plist.xml; path = Info.plist; sourceTree = "<group>"; };
		F39341F11C4DA66100C5ACB6 /* TiltShifterUITests.xctest */ = {isa = PBXFileReference; explicitFileType = wrapper.cfbundle; includeInIndex = 0; path = TiltShifterUITests.xctest; sourceTree = BUILT_PRODUCTS_DIR; };
		F39341F51C4DA66100C5ACB6 /* TiltShifterUITests.swift */ = {isa = PBXFileReference; lastKnownFileType = sourcecode.swift; path = TiltShifterUITests.swift; sourceTree = "<group>"; };
		F39341F71C4DA66100C5ACB6 /* Info.plist */ = {isa = PBXFileReference; lastKnownFileType = text.plist.xml; path = Info.plist; sourceTree = "<group>"; };
		F39342031C4DA6DA00C5ACB6 /* Selfie.jpg */ = {isa = PBXFileReference; lastKnownFileType = image.jpeg; path = Selfie.jpg; sourceTree = "<group>"; };
		F39342051C4DA78600C5ACB6 /* TiltShifterView.swift */ = {isa = PBXFileReference; fileEncoding = 4; lastKnownFileType = sourcecode.swift; path = TiltShifterView.swift; sourceTree = "<group>"; };
		F3AB66EC1C4DC5B100C44A23 /* TiltShifter-Bridging-Header.h */ = {isa = PBXFileReference; lastKnownFileType = sourcecode.c.h; path = "TiltShifter-Bridging-Header.h"; sourceTree = "<group>"; };
		F3AB66ED1C4DC5B100C44A23 /* GPUTilt.h */ = {isa = PBXFileReference; fileEncoding = 4; lastKnownFileType = sourcecode.c.h; path = GPUTilt.h; sourceTree = "<group>"; };
		F3AB66EE1C4DC5B100C44A23 /* GPUTilt.m */ = {isa = PBXFileReference; fileEncoding = 4; lastKnownFileType = sourcecode.c.objc; path = GPUTilt.m; sourceTree = "<group>"; };
/* End PBXFileReference section */

/* Begin PBXFrameworksBuildPhase section */
		F39341CF1C4DA66100C5ACB6 /* Frameworks */ = {
			isa = PBXFrameworksBuildPhase;
			buildActionMask = 2147483647;
			files = (
				802CE604F574FEC67AAFA733 /* Pods.framework in Frameworks */,
			);
			runOnlyForDeploymentPostprocessing = 0;
		};
		F39341E31C4DA66100C5ACB6 /* Frameworks */ = {
			isa = PBXFrameworksBuildPhase;
			buildActionMask = 2147483647;
			files = (
			);
			runOnlyForDeploymentPostprocessing = 0;
		};
		F39341EE1C4DA66100C5ACB6 /* Frameworks */ = {
			isa = PBXFrameworksBuildPhase;
			buildActionMask = 2147483647;
			files = (
			);
			runOnlyForDeploymentPostprocessing = 0;
		};
/* End PBXFrameworksBuildPhase section */

/* Begin PBXGroup section */
		4054D876F08B6BC230E32BFE /* Pods */ = {
			isa = PBXGroup;
			children = (
				0E58DF1470ABA0D45AC1F19C /* Pods.debug.xcconfig */,
				8D36667E7A9EB3EDAEBC03CE /* Pods.release.xcconfig */,
			);
			name = Pods;
			sourceTree = "<group>";
		};
		9A0A633B4578DA325406FC9D /* Frameworks */ = {
			isa = PBXGroup;
			children = (
				EB8D803A0F9B0A1AECA850C1 /* Pods.framework */,
			);
			name = Frameworks;
			sourceTree = "<group>";
		};
		F39341C91C4DA66100C5ACB6 = {
			isa = PBXGroup;
			children = (
				F39341D41C4DA66100C5ACB6 /* TiltShifter */,
				F39341E91C4DA66100C5ACB6 /* TiltShifterTests */,
				F39341F41C4DA66100C5ACB6 /* TiltShifterUITests */,
				F39341D31C4DA66100C5ACB6 /* Products */,
				4054D876F08B6BC230E32BFE /* Pods */,
				9A0A633B4578DA325406FC9D /* Frameworks */,
			);
			sourceTree = "<group>";
		};
		F39341D31C4DA66100C5ACB6 /* Products */ = {
			isa = PBXGroup;
			children = (
				F39341D21C4DA66100C5ACB6 /* TiltShifter.app */,
				F39341E61C4DA66100C5ACB6 /* TiltShifterTests.xctest */,
				F39341F11C4DA66100C5ACB6 /* TiltShifterUITests.xctest */,
			);
			name = Products;
			sourceTree = "<group>";
		};
		F39341D41C4DA66100C5ACB6 /* TiltShifter */ = {
			isa = PBXGroup;
			children = (
				F39341D51C4DA66100C5ACB6 /* AppDelegate.swift */,
				F39341D71C4DA66100C5ACB6 /* ViewController.swift */,
				F39342051C4DA78600C5ACB6 /* TiltShifterView.swift */,
				F3AB66ED1C4DC5B100C44A23 /* GPUTilt.h */,
				F3AB66EE1C4DC5B100C44A23 /* GPUTilt.m */,
				F39342031C4DA6DA00C5ACB6 /* Selfie.jpg */,
				F39341D91C4DA66100C5ACB6 /* Main.storyboard */,
				F39341DC1C4DA66100C5ACB6 /* Assets.xcassets */,
				F39341DE1C4DA66100C5ACB6 /* LaunchScreen.storyboard */,
				F39341E11C4DA66100C5ACB6 /* Info.plist */,
				F3AB66EC1C4DC5B100C44A23 /* TiltShifter-Bridging-Header.h */,
			);
			path = TiltShifter;
			sourceTree = "<group>";
		};
		F39341E91C4DA66100C5ACB6 /* TiltShifterTests */ = {
			isa = PBXGroup;
			children = (
				F39341EA1C4DA66100C5ACB6 /* TiltShifterTests.swift */,
				F39341EC1C4DA66100C5ACB6 /* Info.plist */,
			);
			path = TiltShifterTests;
			sourceTree = "<group>";
		};
		F39341F41C4DA66100C5ACB6 /* TiltShifterUITests */ = {
			isa = PBXGroup;
			children = (
				F39341F51C4DA66100C5ACB6 /* TiltShifterUITests.swift */,
				F39341F71C4DA66100C5ACB6 /* Info.plist */,
			);
			path = TiltShifterUITests;
			sourceTree = "<group>";
		};
/* End PBXGroup section */

/* Begin PBXNativeTarget section */
		F39341D11C4DA66100C5ACB6 /* TiltShifter */ = {
			isa = PBXNativeTarget;
			buildConfigurationList = F39341FA1C4DA66100C5ACB6 /* Build configuration list for PBXNativeTarget "TiltShifter" */;
			buildPhases = (
				31EFE4DF0E1BAEE91D8D7640 /* Check Pods Manifest.lock */,
				F39341CE1C4DA66100C5ACB6 /* Sources */,
				F39341CF1C4DA66100C5ACB6 /* Frameworks */,
				F39341D01C4DA66100C5ACB6 /* Resources */,
				7951076ACA8E6B8A79EBC92B /* Embed Pods Frameworks */,
				E5278308FB74EA911544696C /* Copy Pods Resources */,
			);
			buildRules = (
			);
			dependencies = (
			);
			name = TiltShifter;
			productName = TiltShifter;
			productReference = F39341D21C4DA66100C5ACB6 /* TiltShifter.app */;
			productType = "com.apple.product-type.application";
		};
		F39341E51C4DA66100C5ACB6 /* TiltShifterTests */ = {
			isa = PBXNativeTarget;
			buildConfigurationList = F39341FD1C4DA66100C5ACB6 /* Build configuration list for PBXNativeTarget "TiltShifterTests" */;
			buildPhases = (
				F39341E21C4DA66100C5ACB6 /* Sources */,
				F39341E31C4DA66100C5ACB6 /* Frameworks */,
				F39341E41C4DA66100C5ACB6 /* Resources */,
			);
			buildRules = (
			);
			dependencies = (
				F39341E81C4DA66100C5ACB6 /* PBXTargetDependency */,
			);
			name = TiltShifterTests;
			productName = TiltShifterTests;
			productReference = F39341E61C4DA66100C5ACB6 /* TiltShifterTests.xctest */;
			productType = "com.apple.product-type.bundle.unit-test";
		};
		F39341F01C4DA66100C5ACB6 /* TiltShifterUITests */ = {
			isa = PBXNativeTarget;
			buildConfigurationList = F39342001C4DA66100C5ACB6 /* Build configuration list for PBXNativeTarget "TiltShifterUITests" */;
			buildPhases = (
				F39341ED1C4DA66100C5ACB6 /* Sources */,
				F39341EE1C4DA66100C5ACB6 /* Frameworks */,
				F39341EF1C4DA66100C5ACB6 /* Resources */,
			);
			buildRules = (
			);
			dependencies = (
				F39341F31C4DA66100C5ACB6 /* PBXTargetDependency */,
			);
			name = TiltShifterUITests;
			productName = TiltShifterUITests;
			productReference = F39341F11C4DA66100C5ACB6 /* TiltShifterUITests.xctest */;
			productType = "com.apple.product-type.bundle.ui-testing";
		};
/* End PBXNativeTarget section */

/* Begin PBXProject section */
		F39341CA1C4DA66100C5ACB6 /* Project object */ = {
			isa = PBXProject;
			attributes = {
				LastSwiftUpdateCheck = 0720;
				LastUpgradeCheck = 0720;
				ORGANIZATIONNAME = "Throwr Pty Ltd";
				TargetAttributes = {
					F39341D11C4DA66100C5ACB6 = {
						CreatedOnToolsVersion = 7.2;
					};
					F39341E51C4DA66100C5ACB6 = {
						CreatedOnToolsVersion = 7.2;
						TestTargetID = F39341D11C4DA66100C5ACB6;
					};
					F39341F01C4DA66100C5ACB6 = {
						CreatedOnToolsVersion = 7.2;
						TestTargetID = F39341D11C4DA66100C5ACB6;
					};
				};
			};
			buildConfigurationList = F39341CD1C4DA66100C5ACB6 /* Build configuration list for PBXProject "TiltShifter" */;
			compatibilityVersion = "Xcode 3.2";
			developmentRegion = English;
			hasScannedForEncodings = 0;
			knownRegions = (
				en,
				Base,
			);
			mainGroup = F39341C91C4DA66100C5ACB6;
			productRefGroup = F39341D31C4DA66100C5ACB6 /* Products */;
			projectDirPath = "";
			projectRoot = "";
			targets = (
				F39341D11C4DA66100C5ACB6 /* TiltShifter */,
				F39341E51C4DA66100C5ACB6 /* TiltShifterTests */,
				F39341F01C4DA66100C5ACB6 /* TiltShifterUITests */,
			);
		};
/* End PBXProject section */

/* Begin PBXResourcesBuildPhase section */
		F39341D01C4DA66100C5ACB6 /* Resources */ = {
			isa = PBXResourcesBuildPhase;
			buildActionMask = 2147483647;
			files = (
				F39341E01C4DA66100C5ACB6 /* LaunchScreen.storyboard in Resources */,
				F39342041C4DA6DA00C5ACB6 /* Selfie.jpg in Resources */,
				F39341DD1C4DA66100C5ACB6 /* Assets.xcassets in Resources */,
				F39341DB1C4DA66100C5ACB6 /* Main.storyboard in Resources */,
			);
			runOnlyForDeploymentPostprocessing = 0;
		};
		F39341E41C4DA66100C5ACB6 /* Resources */ = {
			isa = PBXResourcesBuildPhase;
			buildActionMask = 2147483647;
			files = (
			);
			runOnlyForDeploymentPostprocessing = 0;
		};
		F39341EF1C4DA66100C5ACB6 /* Resources */ = {
			isa = PBXResourcesBuildPhase;
			buildActionMask = 2147483647;
			files = (
			);
			runOnlyForDeploymentPostprocessing = 0;
		};
/* End PBXResourcesBuildPhase section */

/* Begin PBXShellScriptBuildPhase section */
		31EFE4DF0E1BAEE91D8D7640 /* Check Pods Manifest.lock */ = {
			isa = PBXShellScriptBuildPhase;
			buildActionMask = 2147483647;
			files = (
			);
			inputPaths = (
			);
			name = "Check Pods Manifest.lock";
			outputPaths = (
			);
			runOnlyForDeploymentPostprocessing = 0;
			shellPath = /bin/sh;
			shellScript = "diff \"${PODS_ROOT}/../Podfile.lock\" \"${PODS_ROOT}/Manifest.lock\" > /dev/null\nif [[ $? != 0 ]] ; then\n    cat << EOM\nerror: The sandbox is not in sync with the Podfile.lock. Run 'pod install' or update your CocoaPods installation.\nEOM\n    exit 1\nfi\n";
			showEnvVarsInLog = 0;
		};
		7951076ACA8E6B8A79EBC92B /* Embed Pods Frameworks */ = {
			isa = PBXShellScriptBuildPhase;
			buildActionMask = 2147483647;
			files = (
			);
			inputPaths = (
			);
			name = "Embed Pods Frameworks";
			outputPaths = (
			);
			runOnlyForDeploymentPostprocessing = 0;
			shellPath = /bin/sh;
			shellScript = "\"${SRCROOT}/Pods/Target Support Files/Pods/Pods-frameworks.sh\"\n";
			showEnvVarsInLog = 0;
		};
		E5278308FB74EA911544696C /* Copy Pods Resources */ = {
			isa = PBXShellScriptBuildPhase;
			buildActionMask = 2147483647;
			files = (
			);
			inputPaths = (
			);
			name = "Copy Pods Resources";
			outputPaths = (
			);
			runOnlyForDeploymentPostprocessing = 0;
			shellPath = /bin/sh;
			shellScript = "\"${SRCROOT}/Pods/Target Support Files/Pods/Pods-resources.sh\"\n";
			showEnvVarsInLog = 0;
		};
/* End PBXShellScriptBuildPhase section */

/* Begin PBXSourcesBuildPhase section */
		F39341CE1C4DA66100C5ACB6 /* Sources */ = {
			isa = PBXSourcesBuildPhase;
			buildActionMask = 2147483647;
			files = (
				F39342061C4DA78600C5ACB6 /* TiltShifterView.swift in Sources */,
				F3AB66EF1C4DC5B100C44A23 /* GPUTilt.m in Sources */,
				F39341D81C4DA66100C5ACB6 /* ViewController.swift in Sources */,
				F39341D61C4DA66100C5ACB6 /* AppDelegate.swift in Sources */,
			);
			runOnlyForDeploymentPostprocessing = 0;
		};
		F39341E21C4DA66100C5ACB6 /* Sources */ = {
			isa = PBXSourcesBuildPhase;
			buildActionMask = 2147483647;
			files = (
				F39341EB1C4DA66100C5ACB6 /* TiltShifterTests.swift in Sources */,
			);
			runOnlyForDeploymentPostprocessing = 0;
		};
		F39341ED1C4DA66100C5ACB6 /* Sources */ = {
			isa = PBXSourcesBuildPhase;
			buildActionMask = 2147483647;
			files = (
				F39341F61C4DA66100C5ACB6 /* TiltShifterUITests.swift in Sources */,
			);
			runOnlyForDeploymentPostprocessing = 0;
		};
/* End PBXSourcesBuildPhase section */

/* Begin PBXTargetDependency section */
		F39341E81C4DA66100C5ACB6 /* PBXTargetDependency */ = {
			isa = PBXTargetDependency;
			target = F39341D11C4DA66100C5ACB6 /* TiltShifter */;
			targetProxy = F39341E71C4DA66100C5ACB6 /* PBXContainerItemProxy */;
		};
		F39341F31C4DA66100C5ACB6 /* PBXTargetDependency */ = {
			isa = PBXTargetDependency;
			target = F39341D11C4DA66100C5ACB6 /* TiltShifter */;
			targetProxy = F39341F21C4DA66100C5ACB6 /* PBXContainerItemProxy */;
		};
/* End PBXTargetDependency section */

/* Begin PBXVariantGroup section */
		F39341D91C4DA66100C5ACB6 /* Main.storyboard */ = {
			isa = PBXVariantGroup;
			children = (
				F39341DA1C4DA66100C5ACB6 /* Base */,
			);
			name = Main.storyboard;
			sourceTree = "<group>";
		};
		F39341DE1C4DA66100C5ACB6 /* LaunchScreen.storyboard */ = {
			isa = PBXVariantGroup;
			children = (
				F39341DF1C4DA66100C5ACB6 /* Base */,
			);
			name = LaunchScreen.storyboard;
			sourceTree = "<group>";
		};
/* End PBXVariantGroup section */

/* Begin XCBuildConfiguration section */
		F39341F81C4DA66100C5ACB6 /* Debug */ = {
			isa = XCBuildConfiguration;
			buildSettings = {
				ALWAYS_SEARCH_USER_PATHS = NO;
				CLANG_CXX_LANGUAGE_STANDARD = "gnu++0x";
				CLANG_CXX_LIBRARY = "libc++";
				CLANG_ENABLE_MODULES = YES;
				CLANG_ENABLE_OBJC_ARC = YES;
				CLANG_WARN_BOOL_CONVERSION = YES;
				CLANG_WARN_CONSTANT_CONVERSION = YES;
				CLANG_WARN_DIRECT_OBJC_ISA_USAGE = YES_ERROR;
				CLANG_WARN_EMPTY_BODY = YES;
				CLANG_WARN_ENUM_CONVERSION = YES;
				CLANG_WARN_INT_CONVERSION = YES;
				CLANG_WARN_OBJC_ROOT_CLASS = YES_ERROR;
				CLANG_WARN_UNREACHABLE_CODE = YES;
				CLANG_WARN__DUPLICATE_METHOD_MATCH = YES;
				"CODE_SIGN_IDENTITY[sdk=iphoneos*]" = "iPhone Developer";
				COPY_PHASE_STRIP = NO;
				DEBUG_INFORMATION_FORMAT = dwarf;
				ENABLE_STRICT_OBJC_MSGSEND = YES;
				ENABLE_TESTABILITY = YES;
				GCC_C_LANGUAGE_STANDARD = gnu99;
				GCC_DYNAMIC_NO_PIC = NO;
				GCC_NO_COMMON_BLOCKS = YES;
				GCC_OPTIMIZATION_LEVEL = 0;
				GCC_PREPROCESSOR_DEFINITIONS = (
					"DEBUG=1",
					"$(inherited)",
				);
				GCC_WARN_64_TO_32_BIT_CONVERSION = YES;
				GCC_WARN_ABOUT_RETURN_TYPE = YES_ERROR;
				GCC_WARN_UNDECLARED_SELECTOR = YES;
				GCC_WARN_UNINITIALIZED_AUTOS = YES_AGGRESSIVE;
				GCC_WARN_UNUSED_FUNCTION = YES;
				GCC_WARN_UNUSED_VARIABLE = YES;
				IPHONEOS_DEPLOYMENT_TARGET = 9.2;
				MTL_ENABLE_DEBUG_INFO = YES;
				ONLY_ACTIVE_ARCH = YES;
				SDKROOT = iphoneos;
				SWIFT_OPTIMIZATION_LEVEL = "-Onone";
				TARGETED_DEVICE_FAMILY = "1,2";
			};
			name = Debug;
		};
		F39341F91C4DA66100C5ACB6 /* Release */ = {
			isa = XCBuildConfiguration;
			buildSettings = {
				ALWAYS_SEARCH_USER_PATHS = NO;
				CLANG_CXX_LANGUAGE_STANDARD = "gnu++0x";
				CLANG_CXX_LIBRARY = "libc++";
				CLANG_ENABLE_MODULES = YES;
				CLANG_ENABLE_OBJC_ARC = YES;
				CLANG_WARN_BOOL_CONVERSION = YES;
				CLANG_WARN_CONSTANT_CONVERSION = YES;
				CLANG_WARN_DIRECT_OBJC_ISA_USAGE = YES_ERROR;
				CLANG_WARN_EMPTY_BODY = YES;
				CLANG_WARN_ENUM_CONVERSION = YES;
				CLANG_WARN_INT_CONVERSION = YES;
				CLANG_WARN_OBJC_ROOT_CLASS = YES_ERROR;
				CLANG_WARN_UNREACHABLE_CODE = YES;
				CLANG_WARN__DUPLICATE_METHOD_MATCH = YES;
				"CODE_SIGN_IDENTITY[sdk=iphoneos*]" = "iPhone Developer";
				COPY_PHASE_STRIP = NO;
				DEBUG_INFORMATION_FORMAT = "dwarf-with-dsym";
				ENABLE_NS_ASSERTIONS = NO;
				ENABLE_STRICT_OBJC_MSGSEND = YES;
				GCC_C_LANGUAGE_STANDARD = gnu99;
				GCC_NO_COMMON_BLOCKS = YES;
				GCC_WARN_64_TO_32_BIT_CONVERSION = YES;
				GCC_WARN_ABOUT_RETURN_TYPE = YES_ERROR;
				GCC_WARN_UNDECLARED_SELECTOR = YES;
				GCC_WARN_UNINITIALIZED_AUTOS = YES_AGGRESSIVE;
				GCC_WARN_UNUSED_FUNCTION = YES;
				GCC_WARN_UNUSED_VARIABLE = YES;
				IPHONEOS_DEPLOYMENT_TARGET = 9.2;
				MTL_ENABLE_DEBUG_INFO = NO;
				SDKROOT = iphoneos;
				TARGETED_DEVICE_FAMILY = "1,2";
				VALIDATE_PRODUCT = YES;
			};
			name = Release;
		};
		F39341FB1C4DA66100C5ACB6 /* Debug */ = {
			isa = XCBuildConfiguration;
			baseConfigurationReference = 0E58DF1470ABA0D45AC1F19C /* Pods.debug.xcconfig */;
			buildSettings = {
				ASSETCATALOG_COMPILER_APPICON_NAME = AppIcon;
				CLANG_ENABLE_MODULES = YES;
				INFOPLIST_FILE = TiltShifter/Info.plist;
				LD_RUNPATH_SEARCH_PATHS = "$(inherited) @executable_path/Frameworks";
				PRODUCT_BUNDLE_IDENTIFIER = com.throwr.TiltShifter;
				PRODUCT_NAME = "$(TARGET_NAME)";
				SWIFT_OBJC_BRIDGING_HEADER = "TiltShifter/TiltShifter-Bridging-Header.h";
				SWIFT_OPTIMIZATION_LEVEL = "-Onone";
			};
			name = Debug;
		};
		F39341FC1C4DA66100C5ACB6 /* Release */ = {
			isa = XCBuildConfiguration;
			baseConfigurationReference = 8D36667E7A9EB3EDAEBC03CE /* Pods.release.xcconfig */;
			buildSettings = {
				ASSETCATALOG_COMPILER_APPICON_NAME = AppIcon;
				CLANG_ENABLE_MODULES = YES;
				INFOPLIST_FILE = TiltShifter/Info.plist;
				LD_RUNPATH_SEARCH_PATHS = "$(inherited) @executable_path/Frameworks";
				PRODUCT_BUNDLE_IDENTIFIER = com.throwr.TiltShifter;
				PRODUCT_NAME = "$(TARGET_NAME)";
				SWIFT_OBJC_BRIDGING_HEADER = "TiltShifter/TiltShifter-Bridging-Header.h";
			};
			name = Release;
		};
		F39341FE1C4DA66100C5ACB6 /* Debug */ = {
			isa = XCBuildConfiguration;
			buildSettings = {
				BUNDLE_LOADER = "$(TEST_HOST)";
				INFOPLIST_FILE = TiltShifterTests/Info.plist;
				LD_RUNPATH_SEARCH_PATHS = "$(inherited) @executable_path/Frameworks @loader_path/Frameworks";
				PRODUCT_BUNDLE_IDENTIFIER = com.throwr.TiltShifterTests;
				PRODUCT_NAME = "$(TARGET_NAME)";
				TEST_HOST = "$(BUILT_PRODUCTS_DIR)/TiltShifter.app/TiltShifter";
			};
			name = Debug;
		};
		F39341FF1C4DA66100C5ACB6 /* Release */ = {
			isa = XCBuildConfiguration;
			buildSettings = {
				BUNDLE_LOADER = "$(TEST_HOST)";
				INFOPLIST_FILE = TiltShifterTests/Info.plist;
				LD_RUNPATH_SEARCH_PATHS = "$(inherited) @executable_path/Frameworks @loader_path/Frameworks";
				PRODUCT_BUNDLE_IDENTIFIER = com.throwr.TiltShifterTests;
				PRODUCT_NAME = "$(TARGET_NAME)";
				TEST_HOST = "$(BUILT_PRODUCTS_DIR)/TiltShifter.app/TiltShifter";
			};
			name = Release;
		};
		F39342011C4DA66100C5ACB6 /* Debug */ = {
			isa = XCBuildConfiguration;
			buildSettings = {
				INFOPLIST_FILE = TiltShifterUITests/Info.plist;
				LD_RUNPATH_SEARCH_PATHS = "$(inherited) @executable_path/Frameworks @loader_path/Frameworks";
				PRODUCT_BUNDLE_IDENTIFIER = com.throwr.TiltShifterUITests;
				PRODUCT_NAME = "$(TARGET_NAME)";
				TEST_TARGET_NAME = TiltShifter;
				USES_XCTRUNNER = YES;
			};
			name = Debug;
		};
		F39342021C4DA66100C5ACB6 /* Release */ = {
			isa = XCBuildConfiguration;
			buildSettings = {
				INFOPLIST_FILE = TiltShifterUITests/Info.plist;
				LD_RUNPATH_SEARCH_PATHS = "$(inherited) @executable_path/Frameworks @loader_path/Frameworks";
				PRODUCT_BUNDLE_IDENTIFIER = com.throwr.TiltShifterUITests;
				PRODUCT_NAME = "$(TARGET_NAME)";
				TEST_TARGET_NAME = TiltShifter;
				USES_XCTRUNNER = YES;
			};
			name = Release;
		};
/* End XCBuildConfiguration section */

/* Begin XCConfigurationList section */
		F39341CD1C4DA66100C5ACB6 /* Build configuration list for PBXProject "TiltShifter" */ = {
			isa = XCConfigurationList;
			buildConfigurations = (
				F39341F81C4DA66100C5ACB6 /* Debug */,
				F39341F91C4DA66100C5ACB6 /* Release */,
			);
			defaultConfigurationIsVisible = 0;
			defaultConfigurationName = Release;
		};
		F39341FA1C4DA66100C5ACB6 /* Build configuration list for PBXNativeTarget "TiltShifter" */ = {
			isa = XCConfigurationList;
			buildConfigurations = (
				F39341FB1C4DA66100C5ACB6 /* Debug */,
				F39341FC1C4DA66100C5ACB6 /* Release */,
			);
			defaultConfigurationIsVisible = 0;
			defaultConfigurationName = Release;
		};
		F39341FD1C4DA66100C5ACB6 /* Build configuration list for PBXNativeTarget "TiltShifterTests" */ = {
			isa = XCConfigurationList;
			buildConfigurations = (
				F39341FE1C4DA66100C5ACB6 /* Debug */,
				F39341FF1C4DA66100C5ACB6 /* Release */,
			);
			defaultConfigurationIsVisible = 0;
			defaultConfigurationName = Release;
		};
		F39342001C4DA66100C5ACB6 /* Build configuration list for PBXNativeTarget "TiltShifterUITests" */ = {
			isa = XCConfigurationList;
			buildConfigurations = (
				F39342011C4DA66100C5ACB6 /* Debug */,
				F39342021C4DA66100C5ACB6 /* Release */,
			);
			defaultConfigurationIsVisible = 0;
			defaultConfigurationName = Release;
		};
/* End XCConfigurationList section */
	};
	rootObject = F39341CA1C4DA66100C5ACB6 /* Project object */;
}
